
Microsoft Visual Studio Solution File, Format Version 12.00
# Visual Studio Version 17
VisualStudioVersion = 17.13.35825.156 d17.13
MinimumVisualStudioVersion = 10.0.40219.1
Project("{FAE04EC0-301F-11D3-BF4B-00C04F79EFBC}") = "MauiDemo", "MauiDemo.csproj", "{A332191F-2568-4B34-BDD6-9E8DF56B3A5A}"
EndProject
Global
	GlobalSection(SolutionConfigurationPlatforms) = preSolution
		Debug|Any CPU = Debug|Any CPU
		Release|Any CPU = Release|Any CPU
	EndGlobalSection
	GlobalSection(ProjectConfigurationPlatforms) = postSolution
		{A332191F-2568-4B34-BDD6-9E8DF56B3A5A}.Debug|Any CPU.ActiveCfg = Debug|Any CPU
		{A332191F-2568-4B34-BDD6-9E8DF56B3A5A}.Debug|Any CPU.Build.0 = Debug|Any CPU
		{A332191F-2568-4B34-BDD6-9E8DF56B3A5A}.Release|Any CPU.ActiveCfg = Release|Any CPU
		{A332191F-2568-4B34-BDD6-9E8DF56B3A5A}.Release|Any CPU.Build.0 = Release|Any CPU
	EndGlobalSection
	GlobalSection(SolutionProperties) = preSolution
		HideSolutionNode = FALSE
	EndGlobalSection
	GlobalSection(ExtensibilityGlobals) = postSolution
		SolutionGuid = {3FE5995B-DF00-4D47-B6AC-EDECF335002C}
	EndGlobalSection
EndGlobal
